{
  "lockfileVersion": 1,
  "workspaces": {
    "": {
      "name": "context-it",
      "dependencies": {
        "@babel/parser": "^7.27.0",
        "@babel/types": "^7.27.0",
        "commander": "^13.1.0",
      },
      "devDependencies": {
        "@types/bun": "latest",
      },
      "peerDependencies": {
        "typescript": "^5.8.2",
      },
    },
  },
  "packages": {
    "@babel/helper-string-parser": ["@babel/helper-string-parser@7.25.9", "", {}, "sha512-4A/SCr/2KLd5jrtOMFzaKjVtAei3+2r/NChoBNoZ3EyP/+GlhoaEGoWOZUmFmoITP7zOJyHIMm+DYRd8o3PvHA=="],

    "@babel/helper-validator-identifier": ["@babel/helper-validator-identifier@7.25.9", "", {}, "sha512-Ed61U6XJc3CVRfkERJWDz4dJwKe7iLmmJsbOGu9wSloNSFttHV0I8g6UAgb7qnK5ly5bGLPd4oXZlxCdANBOWQ=="],

    "@babel/parser": ["@babel/parser@7.27.0", "", { "dependencies": { "@babel/types": "^7.27.0" }, "bin": "./bin/babel-parser.js" }, "sha512-iaepho73/2Pz7w2eMS0Q5f83+0RKI7i4xmiYeBmDzfRVbQtTOG7Ts0S4HzJVsTMGI9keU8rNfuZr8DKfSt7Yyg=="],

    "@babel/types": ["@babel/types@7.27.0", "", { "dependencies": { "@babel/helper-string-parser": "^7.25.9", "@babel/helper-validator-identifier": "^7.25.9" } }, "sha512-H45s8fVLYjbhFH62dIJ3WtmJ6RSPt/3DRO0ZcT2SUiYiQyz3BLVb9ADEnLl91m74aQPS3AzzeajZHYOalWe3bg=="],

    "@types/bun": ["@types/bun@1.2.8", "", { "dependencies": { "bun-types": "1.2.7" } }, "sha512-t8L1RvJVUghW5V+M/fL3Thbxcs0HwNsXsnTEBEfEVqGteiJToOlZ/fyOEaR1kZsNqnu+3XA4RI/qmnX4w6+S+w=="],

    "@types/node": ["@types/node@22.13.14", "", { "dependencies": { "undici-types": "~6.20.0" } }, "sha512-Zs/Ollc1SJ8nKUAgc7ivOEdIBM8JAKgrqqUYi2J997JuKO7/tpQC+WCetQ1sypiKCQWHdvdg9wBNpUPEWZae7w=="],

    "@types/ws": ["@types/ws@8.18.0", "", { "dependencies": { "@types/node": "*" } }, "sha512-8svvI3hMyvN0kKCJMvTJP/x6Y/EoQbepff882wL+Sn5QsXb3etnamgrJq4isrBxSJj5L2AuXcI0+bgkoAXGUJw=="],

    "bun-types": ["bun-types@1.2.7", "", { "dependencies": { "@types/node": "*", "@types/ws": "*" } }, "sha512-P4hHhk7kjF99acXqKvltyuMQ2kf/rzIw3ylEDpCxDS9Xa0X0Yp/gJu/vDCucmWpiur5qJ0lwB2bWzOXa2GlHqA=="],

    "commander": ["commander@13.1.0", "", {}, "sha512-/rFeCpNJQbhSZjGVwO9RFV3xPqbnERS8MmIQzCtD/zl6gpJuV/bMLuN92oG3F7d8oDEHHRrujSXNUr8fpjntKw=="],

    "typescript": ["typescript@5.8.2", "", { "bin": { "tsc": "bin/tsc", "tsserver": "bin/tsserver" } }, "sha512-aJn6wq13/afZp/jT9QZmwEjDqqvSGp1VT5GVg+f/t6/oVyrgXM6BY1h9BRh/O5p3PlUPAe+WuiEZOmb/49RqoQ=="],

    "undici-types": ["undici-types@6.20.0", "", {}, "sha512-Ny6QZ2Nju20vw1SRHe3d9jVu6gJ+4e3+MMpqu7pqE5HT6WsTSlce++GQmK5UXS8mzV8DSYHrQH+Xrf2jVcuKNg=="],
  }
}
